
Microsoft Visual Studio Solution File, Format Version 12.00
# Visual Studio 15
VisualStudioVersion = 15.0.28307.1622
MinimumVisualStudioVersion = 10.0.40219.1
Project("{FAE04EC0-301F-11D3-BF4B-00C04F79EFBC}") = "AudiMarket", "AudiMarket\AudiMarket.csproj", "{9647CCB0-0AB1-4DD7-AA0D-DCC95802E8FB}"
EndProject
Project("{FAE04EC0-301F-11D3-BF4B-00C04F79EFBC}") = "AudiMarket.Tests", "AudiMarket.Tests\AudiMarket.Tests.csproj", "{6AE6B1AB-2C58-480B-84D5-F1B173DD367D}"
EndProject
Global
	GlobalSection(SolutionConfigurationPlatforms) = preSolution
		Debug|Any CPU = Debug|Any CPU
		Release|Any CPU = Release|Any CPU
	EndGlobalSection
	GlobalSection(ProjectConfigurationPlatforms) = postSolution
		{9647CCB0-0AB1-4DD7-AA0D-DCC95802E8FB}.Debug|Any CPU.ActiveCfg = Debug|Any CPU
		{9647CCB0-0AB1-4DD7-AA0D-DCC95802E8FB}.Debug|Any CPU.Build.0 = Debug|Any CPU
		{9647CCB0-0AB1-4DD7-AA0D-DCC95802E8FB}.Release|Any CPU.ActiveCfg = Release|Any CPU
		{9647CCB0-0AB1-4DD7-AA0D-DCC95802E8FB}.Release|Any CPU.Build.0 = Release|Any CPU
		{6AE6B1AB-2C58-480B-84D5-F1B173DD367D}.Debug|Any CPU.ActiveCfg = Debug|Any CPU
		{6AE6B1AB-2C58-480B-84D5-F1B173DD367D}.Debug|Any CPU.Build.0 = Debug|Any CPU
		{6AE6B1AB-2C58-480B-84D5-F1B173DD367D}.Release|Any CPU.ActiveCfg = Release|Any CPU
		{6AE6B1AB-2C58-480B-84D5-F1B173DD367D}.Release|Any CPU.Build.0 = Release|Any CPU
	EndGlobalSection
	GlobalSection(SolutionProperties) = preSolution
		HideSolutionNode = FALSE
	EndGlobalSection
	GlobalSection(ExtensibilityGlobals) = postSolution
		SolutionGuid = {03FECD74-DEBC-468B-82F6-0D78FAA12593}
	EndGlobalSection
EndGlobal
