
Microsoft Visual Studio Solution File, Format Version 12.00
# Visual Studio Version 16
VisualStudioVersion = 16.0.31729.503
MinimumVisualStudioVersion = 10.0.40219.1
Project("{FAE04EC0-301F-11D3-BF4B-00C04F79EFBC}") = "AudiMarket", "AudiMarket.csproj", "{DF8BDC75-489D-4614-820E-AA4ED003CD6E}"
EndProject
Project("{FAE04EC0-301F-11D3-BF4B-00C04F79EFBC}") = "Audimarket.API.Tests", "..\Audimarket.API.Tests\Audimarket.API.Tests.csproj", "{629E15E2-4839-4410-B45F-F23B5F2ECC9D}"
EndProject
Global
	GlobalSection(SolutionConfigurationPlatforms) = preSolution
		Debug|Any CPU = Debug|Any CPU
		Release|Any CPU = Release|Any CPU
	EndGlobalSection
	GlobalSection(ProjectConfigurationPlatforms) = postSolution
		{DF8BDC75-489D-4614-820E-AA4ED003CD6E}.Debug|Any CPU.ActiveCfg = Debug|Any CPU
		{DF8BDC75-489D-4614-820E-AA4ED003CD6E}.Debug|Any CPU.Build.0 = Debug|Any CPU
		{DF8BDC75-489D-4614-820E-AA4ED003CD6E}.Release|Any CPU.ActiveCfg = Release|Any CPU
		{DF8BDC75-489D-4614-820E-AA4ED003CD6E}.Release|Any CPU.Build.0 = Release|Any CPU
		{629E15E2-4839-4410-B45F-F23B5F2ECC9D}.Debug|Any CPU.ActiveCfg = Debug|Any CPU
		{629E15E2-4839-4410-B45F-F23B5F2ECC9D}.Debug|Any CPU.Build.0 = Debug|Any CPU
		{629E15E2-4839-4410-B45F-F23B5F2ECC9D}.Release|Any CPU.ActiveCfg = Release|Any CPU
		{629E15E2-4839-4410-B45F-F23B5F2ECC9D}.Release|Any CPU.Build.0 = Release|Any CPU
	EndGlobalSection
	GlobalSection(SolutionProperties) = preSolution
		HideSolutionNode = FALSE
	EndGlobalSection
	GlobalSection(ExtensibilityGlobals) = postSolution
		SolutionGuid = {ECCE1316-5AA6-4CAF-BEF9-BB64F8163D96}
	EndGlobalSection
EndGlobal
